{
  "name": "govuk-prototype-components",
  "version": "0.2.0",
  "lockfileVersion": 2,
  "requires": true,
  "packages": {
    "": {
      "name": "govuk-prototype-components",
      "version": "0.2.0",
      "license": "MIT",
      "dependencies": {
        "accessible-autocomplete": "^2.0.4",
        "eventslibjs": "^1.2.0",
        "ftdomdelegate": "^5.0.0",
        "govuk-frontend": "^4.0.1",
        "lodash": "^4.17.21"
      },
      "engines": {
        "node": ">=16.0.0"
      }
    },
    "node_modules/accessible-autocomplete": {
      "version": "2.0.4",
      "resolved": "https://registry.npmjs.org/accessible-autocomplete/-/accessible-autocomplete-2.0.4.tgz",
      "integrity": "sha512-2p0txrSpvs5wXFUeQJHMheDPTZVSEmiUHWlEPb7vJnv2Dd1xPfoLnBQQMfNbTSit2pL/9sSQYESuD2Yyohd4Yw==",
      "dependencies": {
        "preact": "^8.3.1"
      }
    },
    "node_modules/eventslibjs": {
      "version": "1.2.0",
      "resolved": "https://registry.npmjs.org/eventslibjs/-/eventslibjs-1.2.0.tgz",
      "integrity": "sha512-nui7FHXHeeZjWkQ1dZ4R3RchkT+164+y1/puiOY1Zc3CPU9W8XzAzdhqvuVQ4EJt7F/W94O5U26/oVFpBOPY3w=="
    },
    "node_modules/ftdomdelegate": {
      "version": "5.0.0",
      "resolved": "https://registry.npmjs.org/ftdomdelegate/-/ftdomdelegate-5.0.0.tgz",
      "integrity": "sha512-P9UmLMIq/ibxxFVBHlE2EIoHcFNDpamn3urRCwVWMnj3o9nAgLtqe64WVuqcGtkN4wujrBYeyxKCuN1/WO+bQw=="
    },
    "node_modules/govuk-frontend": {
      "version": "4.0.1",
      "resolved": "https://registry.npmjs.org/govuk-frontend/-/govuk-frontend-4.0.1.tgz",
      "integrity": "sha512-X+B88mqYHoxAz0ID87Uxo3oHqdKBRnNHd3Cz8+u8nvQUAsrEzROFLK+t7sAu7e+fKqCCrJyIgx6Cmr6dIGnohQ==",
      "engines": {
        "node": ">= 4.2.0"
      }
    },
    "node_modules/lodash": {
      "version": "4.17.21",
      "resolved": "https://registry.npmjs.org/lodash/-/lodash-4.17.21.tgz",
      "integrity": "sha512-v2kDEe57lecTulaDIuNTPy3Ry4gLGJ6Z1O3vE1krgXZNrsQ+LFTGHVxVjcXPs17LhbZVGedAJv8XZ1tvj5FvSg=="
    },
    "node_modules/preact": {
      "version": "8.5.3",
      "resolved": "https://registry.npmjs.org/preact/-/preact-8.5.3.tgz",
      "integrity": "sha512-O3kKP+1YdgqHOFsZF2a9JVdtqD+RPzCQc3rP+Ualf7V6rmRDchZ9MJbiGTT7LuyqFKZqlHSOyO/oMFmI2lVTsw==",
      "hasInstallScript": true
    }
  },
  "dependencies": {
    "accessible-autocomplete": {
      "version": "2.0.4",
      "resolved": "https://registry.npmjs.org/accessible-autocomplete/-/accessible-autocomplete-2.0.4.tgz",
      "integrity": "sha512-2p0txrSpvs5wXFUeQJHMheDPTZVSEmiUHWlEPb7vJnv2Dd1xPfoLnBQQMfNbTSit2pL/9sSQYESuD2Yyohd4Yw==",
      "requires": {
        "preact": "^8.3.1"
      }
    },
    "eventslibjs": {
      "version": "1.2.0",
      "resolved": "https://registry.npmjs.org/eventslibjs/-/eventslibjs-1.2.0.tgz",
      "integrity": "sha512-nui7FHXHeeZjWkQ1dZ4R3RchkT+164+y1/puiOY1Zc3CPU9W8XzAzdhqvuVQ4EJt7F/W94O5U26/oVFpBOPY3w=="
    },
    "ftdomdelegate": {
      "version": "5.0.0",
      "resolved": "https://registry.npmjs.org/ftdomdelegate/-/ftdomdelegate-5.0.0.tgz",
      "integrity": "sha512-P9UmLMIq/ibxxFVBHlE2EIoHcFNDpamn3urRCwVWMnj3o9nAgLtqe64WVuqcGtkN4wujrBYeyxKCuN1/WO+bQw=="
    },
    "govuk-frontend": {
      "version": "4.0.1",
      "resolved": "https://registry.npmjs.org/govuk-frontend/-/govuk-frontend-4.0.1.tgz",
      "integrity": "sha512-X+B88mqYHoxAz0ID87Uxo3oHqdKBRnNHd3Cz8+u8nvQUAsrEzROFLK+t7sAu7e+fKqCCrJyIgx6Cmr6dIGnohQ=="
    },
    "lodash": {
      "version": "4.17.21",
      "resolved": "https://registry.npmjs.org/lodash/-/lodash-4.17.21.tgz",
      "integrity": "sha512-v2kDEe57lecTulaDIuNTPy3Ry4gLGJ6Z1O3vE1krgXZNrsQ+LFTGHVxVjcXPs17LhbZVGedAJv8XZ1tvj5FvSg=="
    },
    "preact": {
      "version": "8.5.3",
      "resolved": "https://registry.npmjs.org/preact/-/preact-8.5.3.tgz",
      "integrity": "sha512-O3kKP+1YdgqHOFsZF2a9JVdtqD+RPzCQc3rP+Ualf7V6rmRDchZ9MJbiGTT7LuyqFKZqlHSOyO/oMFmI2lVTsw=="
    }
  }
}
